// !$*UTF8*$!
{
	archiveVersion = 1;
	classes = {
	};
	objectVersion = 48;
	objects = {

/* Begin PBXBuildFile section */
		7162858A205F4EAF0037C8BA /* AppDelegate.m in Sources */ = {isa = PBXBuildFile; fileRef = 71628589205F4EAF0037C8BA /* AppDelegate.m */; };
		7162858D205F4EAF0037C8BA /* ViewController.m in Sources */ = {isa = PBXBuildFile; fileRef = 7162858C205F4EAF0037C8BA /* ViewController.m */; };
		71628590205F4EAF0037C8BA /* Main.storyboard in Resources */ = {isa = PBXBuildFile; fileRef = 7162858E205F4EAF0037C8BA /* Main.storyboard */; };
		71628592205F4EAF0037C8BA /* Assets.xcassets in Resources */ = {isa = PBXBuildFile; fileRef = 71628591205F4EAF0037C8BA /* Assets.xcassets */; };
		71628595205F4EAF0037C8BA /* LaunchScreen.storyboard in Resources */ = {isa = PBXBuildFile; fileRef = 71628593205F4EAF0037C8BA /* LaunchScreen.storyboard */; };
		71628598205F4EAF0037C8BA /* main.m in Sources */ = {isa = PBXBuildFile; fileRef = 71628597205F4EAF0037C8BA /* main.m */; };
		716285A2205F4EAF0037C8BA /* CateroTestTests.m in Sources */ = {isa = PBXBuildFile; fileRef = 716285A1205F4EAF0037C8BA /* CateroTestTests.m */; };
		716285AD205F4EAF0037C8BA /* CateroTestUITests.m in Sources */ = {isa = PBXBuildFile; fileRef = 716285AC205F4EAF0037C8BA /* CateroTestUITests.m */; };
		716285BC205F4EDF0037C8BA /* UIButton+Customer.m in Sources */ = {isa = PBXBuildFile; fileRef = 716285BB205F4EDF0037C8BA /* UIButton+Customer.m */; };
		716285C0205F56690037C8BA /* Person.m in Sources */ = {isa = PBXBuildFile; fileRef = 716285BF205F56690037C8BA /* Person.m */; };
/* End PBXBuildFile section */

/* Begin PBXContainerItemProxy section */
		7162859E205F4EAF0037C8BA /* PBXContainerItemProxy */ = {
			isa = PBXContainerItemProxy;
			containerPortal = 7162857D205F4EAF0037C8BA /* Project object */;
			proxyType = 1;
			remoteGlobalIDString = 71628584205F4EAF0037C8BA;
			remoteInfo = CateroTest;
		};
		716285A9205F4EAF0037C8BA /* PBXContainerItemProxy */ = {
			isa = PBXContainerItemProxy;
			containerPortal = 7162857D205F4EAF0037C8BA /* Project object */;
			proxyType = 1;
			remoteGlobalIDString = 71628584205F4EAF0037C8BA;
			remoteInfo = CateroTest;
		};
/* End PBXContainerItemProxy section */

/* Begin PBXFileReference section */
		71628585205F4EAF0037C8BA /* CateroTest.app */ = {isa = PBXFileReference; explicitFileType = wrapper.application; includeInIndex = 0; path = CateroTest.app; sourceTree = BUILT_PRODUCTS_DIR; };
		71628588205F4EAF0037C8BA /* AppDelegate.h */ = {isa = PBXFileReference; lastKnownFileType = sourcecode.c.h; path = AppDelegate.h; sourceTree = "<group>"; };
		71628589205F4EAF0037C8BA /* AppDelegate.m */ = {isa = PBXFileReference; lastKnownFileType = sourcecode.c.objc; path = AppDelegate.m; sourceTree = "<group>"; };
		7162858B205F4EAF0037C8BA /* ViewController.h */ = {isa = PBXFileReference; lastKnownFileType = sourcecode.c.h; path = ViewController.h; sourceTree = "<group>"; };
		7162858C205F4EAF0037C8BA /* ViewController.m */ = {isa = PBXFileReference; lastKnownFileType = sourcecode.c.objc; path = ViewController.m; sourceTree = "<group>"; };
		7162858F205F4EAF0037C8BA /* Base */ = {isa = PBXFileReference; lastKnownFileType = file.storyboard; name = Base; path = Base.lproj/Main.storyboard; sourceTree = "<group>"; };
		71628591205F4EAF0037C8BA /* Assets.xcassets */ = {isa = PBXFileReference; lastKnownFileType = folder.assetcatalog; path = Assets.xcassets; sourceTree = "<group>"; };
		71628594205F4EAF0037C8BA /* Base */ = {isa = PBXFileReference; lastKnownFileType = file.storyboard; name = Base; path = Base.lproj/LaunchScreen.storyboard; sourceTree = "<group>"; };
		71628596205F4EAF0037C8BA /* Info.plist */ = {isa = PBXFileReference; lastKnownFileType = text.plist.xml; path = Info.plist; sourceTree = "<group>"; };
		71628597205F4EAF0037C8BA /* main.m */ = {isa = PBXFileReference; lastKnownFileType = sourcecode.c.objc; path = main.m; sourceTree = "<group>"; };
		7162859D205F4EAF0037C8BA /* CateroTestTests.xctest */ = {isa = PBXFileReference; explicitFileType = wrapper.cfbundle; includeInIndex = 0; path = CateroTestTests.xctest; sourceTree = BUILT_PRODUCTS_DIR; };
		716285A1205F4EAF0037C8BA /* CateroTestTests.m */ = {isa = PBXFileReference; lastKnownFileType = sourcecode.c.objc; path = CateroTestTests.m; sourceTree = "<group>"; };
		716285A3205F4EAF0037C8BA /* Info.plist */ = {isa = PBXFileReference; lastKnownFileType = text.plist.xml; path = Info.plist; sourceTree = "<group>"; };
		716285A8205F4EAF0037C8BA /* CateroTestUITests.xctest */ = {isa = PBXFileReference; explicitFileType = wrapper.cfbundle; includeInIndex = 0; path = CateroTestUITests.xctest; sourceTree = BUILT_PRODUCTS_DIR; };
		716285AC205F4EAF0037C8BA /* CateroTestUITests.m */ = {isa = PBXFileReference; lastKnownFileType = sourcecode.c.objc; path = CateroTestUITests.m; sourceTree = "<group>"; };
		716285AE205F4EAF0037C8BA /* Info.plist */ = {isa = PBXFileReference; lastKnownFileType = text.plist.xml; path = Info.plist; sourceTree = "<group>"; };
		716285BA205F4EDF0037C8BA /* UIButton+Customer.h */ = {isa = PBXFileReference; lastKnownFileType = sourcecode.c.h; path = "UIButton+Customer.h"; sourceTree = "<group>"; };
		716285BB205F4EDF0037C8BA /* UIButton+Customer.m */ = {isa = PBXFileReference; lastKnownFileType = sourcecode.c.objc; path = "UIButton+Customer.m"; sourceTree = "<group>"; };
		716285BE205F56690037C8BA /* Person.h */ = {isa = PBXFileReference; lastKnownFileType = sourcecode.c.h; path = Person.h; sourceTree = "<group>"; };
		716285BF205F56690037C8BA /* Person.m */ = {isa = PBXFileReference; lastKnownFileType = sourcecode.c.objc; path = Person.m; sourceTree = "<group>"; };
		716285C2205F5DEF0037C8BA /* Person+Customer.h */ = {isa = PBXFileReference; lastKnownFileType = sourcecode.c.h; path = "Person+Customer.h"; sourceTree = "<group>"; };
/* End PBXFileReference section */

/* Begin PBXFrameworksBuildPhase section */
		71628582205F4EAF0037C8BA /* Frameworks */ = {
			isa = PBXFrameworksBuildPhase;
			buildActionMask = 2147483647;
			files = (
			);
			runOnlyForDeploymentPostprocessing = 0;
		};
		7162859A205F4EAF0037C8BA /* Frameworks */ = {
			isa = PBXFrameworksBuildPhase;
			buildActionMask = 2147483647;
			files = (
			);
			runOnlyForDeploymentPostprocessing = 0;
		};
		716285A5205F4EAF0037C8BA /* Frameworks */ = {
			isa = PBXFrameworksBuildPhase;
			buildActionMask = 2147483647;
			files = (
			);
			runOnlyForDeploymentPostprocessing = 0;
		};
/* End PBXFrameworksBuildPhase section */

/* Begin PBXGroup section */
		7162857C205F4EAF0037C8BA = {
			isa = PBXGroup;
			children = (
				71628587205F4EAF0037C8BA /* CateroTest */,
				716285A0205F4EAF0037C8BA /* CateroTestTests */,
				716285AB205F4EAF0037C8BA /* CateroTestUITests */,
				71628586205F4EAF0037C8BA /* Products */,
			);
			sourceTree = "<group>";
		};
		71628586205F4EAF0037C8BA /* Products */ = {
			isa = PBXGroup;
			children = (
				71628585205F4EAF0037C8BA /* CateroTest.app */,
				7162859D205F4EAF0037C8BA /* CateroTestTests.xctest */,
				716285A8205F4EAF0037C8BA /* CateroTestUITests.xctest */,
			);
			name = Products;
			sourceTree = "<group>";
		};
		71628587205F4EAF0037C8BA /* CateroTest */ = {
			isa = PBXGroup;
			children = (
				71628588205F4EAF0037C8BA /* AppDelegate.h */,
				71628589205F4EAF0037C8BA /* AppDelegate.m */,
				7162858B205F4EAF0037C8BA /* ViewController.h */,
				7162858C205F4EAF0037C8BA /* ViewController.m */,
				716285BA205F4EDF0037C8BA /* UIButton+Customer.h */,
				716285BB205F4EDF0037C8BA /* UIButton+Customer.m */,
				716285BE205F56690037C8BA /* Person.h */,
				716285BF205F56690037C8BA /* Person.m */,
				716285C2205F5DEF0037C8BA /* Person+Customer.h */,
				7162858E205F4EAF0037C8BA /* Main.storyboard */,
				71628591205F4EAF0037C8BA /* Assets.xcassets */,
				71628593205F4EAF0037C8BA /* LaunchScreen.storyboard */,
				71628596205F4EAF0037C8BA /* Info.plist */,
				71628597205F4EAF0037C8BA /* main.m */,
			);
			path = CateroTest;
			sourceTree = "<group>";
		};
		716285A0205F4EAF0037C8BA /* CateroTestTests */ = {
			isa = PBXGroup;
			children = (
				716285A1205F4EAF0037C8BA /* CateroTestTests.m */,
				716285A3205F4EAF0037C8BA /* Info.plist */,
			);
			path = CateroTestTests;
			sourceTree = "<group>";
		};
		716285AB205F4EAF0037C8BA /* CateroTestUITests */ = {
			isa = PBXGroup;
			children = (
				716285AC205F4EAF0037C8BA /* CateroTestUITests.m */,
				716285AE205F4EAF0037C8BA /* Info.plist */,
			);
			path = CateroTestUITests;
			sourceTree = "<group>";
		};
/* End PBXGroup section */

/* Begin PBXNativeTarget section */
		71628584205F4EAF0037C8BA /* CateroTest */ = {
			isa = PBXNativeTarget;
			buildConfigurationList = 716285B1205F4EAF0037C8BA /* Build configuration list for PBXNativeTarget "CateroTest" */;
			buildPhases = (
				71628581205F4EAF0037C8BA /* Sources */,
				71628582205F4EAF0037C8BA /* Frameworks */,
				71628583205F4EAF0037C8BA /* Resources */,
			);
			buildRules = (
			);
			dependencies = (
			);
			name = CateroTest;
			productName = CateroTest;
			productReference = 71628585205F4EAF0037C8BA /* CateroTest.app */;
			productType = "com.apple.product-type.application";
		};
		7162859C205F4EAF0037C8BA /* CateroTestTests */ = {
			isa = PBXNativeTarget;
			buildConfigurationList = 716285B4205F4EAF0037C8BA /* Build configuration list for PBXNativeTarget "CateroTestTests" */;
			buildPhases = (
				71628599205F4EAF0037C8BA /* Sources */,
				7162859A205F4EAF0037C8BA /* Frameworks */,
				7162859B205F4EAF0037C8BA /* Resources */,
			);
			buildRules = (
			);
			dependencies = (
				7162859F205F4EAF0037C8BA /* PBXTargetDependency */,
			);
			name = CateroTestTests;
			productName = CateroTestTests;
			productReference = 7162859D205F4EAF0037C8BA /* CateroTestTests.xctest */;
			productType = "com.apple.product-type.bundle.unit-test";
		};
		716285A7205F4EAF0037C8BA /* CateroTestUITests */ = {
			isa = PBXNativeTarget;
			buildConfigurationList = 716285B7205F4EAF0037C8BA /* Build configuration list for PBXNativeTarget "CateroTestUITests" */;
			buildPhases = (
				716285A4205F4EAF0037C8BA /* Sources */,
				716285A5205F4EAF0037C8BA /* Frameworks */,
				716285A6205F4EAF0037C8BA /* Resources */,
			);
			buildRules = (
			);
			dependencies = (
				716285AA205F4EAF0037C8BA /* PBXTargetDependency */,
			);
			name = CateroTestUITests;
			productName = CateroTestUITests;
			productReference = 716285A8205F4EAF0037C8BA /* CateroTestUITests.xctest */;
			productType = "com.apple.product-type.bundle.ui-testing";
		};
/* End PBXNativeTarget section */

/* Begin PBXProject section */
		7162857D205F4EAF0037C8BA /* Project object */ = {
			isa = PBXProject;
			attributes = {
				LastUpgradeCheck = 0920;
				ORGANIZATIONNAME = dsm;
				TargetAttributes = {
					71628584205F4EAF0037C8BA = {
						CreatedOnToolsVersion = 9.2;
						ProvisioningStyle = Automatic;
					};
					7162859C205F4EAF0037C8BA = {
						CreatedOnToolsVersion = 9.2;
						ProvisioningStyle = Automatic;
						TestTargetID = 71628584205F4EAF0037C8BA;
					};
					716285A7205F4EAF0037C8BA = {
						CreatedOnToolsVersion = 9.2;
						ProvisioningStyle = Automatic;
						TestTargetID = 71628584205F4EAF0037C8BA;
					};
				};
			};
			buildConfigurationList = 71628580205F4EAF0037C8BA /* Build configuration list for PBXProject "CateroTest" */;
			compatibilityVersion = "Xcode 8.0";
			developmentRegion = en;
			hasScannedForEncodings = 0;
			knownRegions = (
				en,
				Base,
			);
			mainGroup = 7162857C205F4EAF0037C8BA;
			productRefGroup = 71628586205F4EAF0037C8BA /* Products */;
			projectDirPath = "";
			projectRoot = "";
			targets = (
				71628584205F4EAF0037C8BA /* CateroTest */,
				7162859C205F4EAF0037C8BA /* CateroTestTests */,
				716285A7205F4EAF0037C8BA /* CateroTestUITests */,
			);
		};
/* End PBXProject section */

/* Begin PBXResourcesBuildPhase section */
		71628583205F4EAF0037C8BA /* Resources */ = {
			isa = PBXResourcesBuildPhase;
			buildActionMask = 2147483647;
			files = (
				71628595205F4EAF0037C8BA /* LaunchScreen.storyboard in Resources */,
				71628592205F4EAF0037C8BA /* Assets.xcassets in Resources */,
				71628590205F4EAF0037C8BA /* Main.storyboard in Resources */,
			);
			runOnlyForDeploymentPostprocessing = 0;
		};
		7162859B205F4EAF0037C8BA /* Resources */ = {
			isa = PBXResourcesBuildPhase;
			buildActionMask = 2147483647;
			files = (
			);
			runOnlyForDeploymentPostprocessing = 0;
		};
		716285A6205F4EAF0037C8BA /* Resources */ = {
			isa = PBXResourcesBuildPhase;
			buildActionMask = 2147483647;
			files = (
			);
			runOnlyForDeploymentPostprocessing = 0;
		};
/* End PBXResourcesBuildPhase section */

/* Begin PBXSourcesBuildPhase section */
		71628581205F4EAF0037C8BA /* Sources */ = {
			isa = PBXSourcesBuildPhase;
			buildActionMask = 2147483647;
			files = (
				7162858D205F4EAF0037C8BA /* ViewController.m in Sources */,
				716285BC205F4EDF0037C8BA /* UIButton+Customer.m in Sources */,
				716285C0205F56690037C8BA /* Person.m in Sources */,
				71628598205F4EAF0037C8BA /* main.m in Sources */,
				7162858A205F4EAF0037C8BA /* AppDelegate.m in Sources */,
			);
			runOnlyForDeploymentPostprocessing = 0;
		};
		71628599205F4EAF0037C8BA /* Sources */ = {
			isa = PBXSourcesBuildPhase;
			buildActionMask = 2147483647;
			files = (
				716285A2205F4EAF0037C8BA /* CateroTestTests.m in Sources */,
			);
			runOnlyForDeploymentPostprocessing = 0;
		};
		716285A4205F4EAF0037C8BA /* Sources */ = {
			isa = PBXSourcesBuildPhase;
			buildActionMask = 2147483647;
			files = (
				716285AD205F4EAF0037C8BA /* CateroTestUITests.m in Sources */,
			);
			runOnlyForDeploymentPostprocessing = 0;
		};
/* End PBXSourcesBuildPhase section */

/* Begin PBXTargetDependency section */
		7162859F205F4EAF0037C8BA /* PBXTargetDependency */ = {
			isa = PBXTargetDependency;
			target = 71628584205F4EAF0037C8BA /* CateroTest */;
			targetProxy = 7162859E205F4EAF0037C8BA /* PBXContainerItemProxy */;
		};
		716285AA205F4EAF0037C8BA /* PBXTargetDependency */ = {
			isa = PBXTargetDependency;
			target = 71628584205F4EAF0037C8BA /* CateroTest */;
			targetProxy = 716285A9205F4EAF0037C8BA /* PBXContainerItemProxy */;
		};
/* End PBXTargetDependency section */

/* Begin PBXVariantGroup section */
		7162858E205F4EAF0037C8BA /* Main.storyboard */ = {
			isa = PBXVariantGroup;
			children = (
				7162858F205F4EAF0037C8BA /* Base */,
			);
			name = Main.storyboard;
			sourceTree = "<group>";
		};
		71628593205F4EAF0037C8BA /* LaunchScreen.storyboard */ = {
			isa = PBXVariantGroup;
			children = (
				71628594205F4EAF0037C8BA /* Base */,
			);
			name = LaunchScreen.storyboard;
			sourceTree = "<group>";
		};
/* End PBXVariantGroup section */

/* Begin XCBuildConfiguration section */
		716285AF205F4EAF0037C8BA /* Debug */ = {
			isa = XCBuildConfiguration;
			buildSettings = {
				ALWAYS_SEARCH_USER_PATHS = NO;
				CLANG_ANALYZER_NONNULL = YES;
				CLANG_ANALYZER_NUMBER_OBJECT_CONVERSION = YES_AGGRESSIVE;
				CLANG_CXX_LANGUAGE_STANDARD = "gnu++14";
				CLANG_CXX_LIBRARY = "libc++";
				CLANG_ENABLE_MODULES = YES;
				CLANG_ENABLE_OBJC_ARC = YES;
				CLANG_WARN_BLOCK_CAPTURE_AUTORELEASING = YES;
				CLANG_WARN_BOOL_CONVERSION = YES;
				CLANG_WARN_COMMA = YES;
				CLANG_WARN_CONSTANT_CONVERSION = YES;
				CLANG_WARN_DIRECT_OBJC_ISA_USAGE = YES_ERROR;
				CLANG_WARN_DOCUMENTATION_COMMENTS = YES;
				CLANG_WARN_EMPTY_BODY = YES;
				CLANG_WARN_ENUM_CONVERSION = YES;
				CLANG_WARN_INFINITE_RECURSION = YES;
				CLANG_WARN_INT_CONVERSION = YES;
				CLANG_WARN_NON_LITERAL_NULL_CONVERSION = YES;
				CLANG_WARN_OBJC_LITERAL_CONVERSION = YES;
				CLANG_WARN_OBJC_ROOT_CLASS = YES_ERROR;
				CLANG_WARN_RANGE_LOOP_ANALYSIS = YES;
				CLANG_WARN_STRICT_PROTOTYPES = YES;
				CLANG_WARN_SUSPICIOUS_MOVE = YES;
				CLANG_WARN_UNGUARDED_AVAILABILITY = YES_AGGRESSIVE;
				CLANG_WARN_UNREACHABLE_CODE = YES;
				CLANG_WARN__DUPLICATE_METHOD_MATCH = YES;
				CODE_SIGN_IDENTITY = "iPhone Developer";
				COPY_PHASE_STRIP = NO;
				DEBUG_INFORMATION_FORMAT = dwarf;
				ENABLE_STRICT_OBJC_MSGSEND = YES;
				ENABLE_TESTABILITY = YES;
				GCC_C_LANGUAGE_STANDARD = gnu11;
				GCC_DYNAMIC_NO_PIC = NO;
				GCC_NO_COMMON_BLOCKS = YES;
				GCC_OPTIMIZATION_LEVEL = 0;
				GCC_PREPROCESSOR_DEFINITIONS = (
					"DEBUG=1",
					"$(inherited)",
				);
				GCC_WARN_64_TO_32_BIT_CONVERSION = YES;
				GCC_WARN_ABOUT_RETURN_TYPE = YES_ERROR;
				GCC_WARN_UNDECLARED_SELECTOR = YES;
				GCC_WARN_UNINITIALIZED_AUTOS = YES_AGGRESSIVE;
				GCC_WARN_UNUSED_FUNCTION = YES;
				GCC_WARN_UNUSED_VARIABLE = YES;
				IPHONEOS_DEPLOYMENT_TARGET = 11.2;
				MTL_ENABLE_DEBUG_INFO = YES;
				ONLY_ACTIVE_ARCH = YES;
				SDKROOT = iphoneos;
			};
			name = Debug;
		};
		716285B0205F4EAF0037C8BA /* Release */ = {
			isa = XCBuildConfiguration;
			buildSettings = {
				ALWAYS_SEARCH_USER_PATHS = NO;
				CLANG_ANALYZER_NONNULL = YES;
				CLANG_ANALYZER_NUMBER_OBJECT_CONVERSION = YES_AGGRESSIVE;
				CLANG_CXX_LANGUAGE_STANDARD = "gnu++14";
				CLANG_CXX_LIBRARY = "libc++";
				CLANG_ENABLE_MODULES = YES;
				CLANG_ENABLE_OBJC_ARC = YES;
				CLANG_WARN_BLOCK_CAPTURE_AUTORELEASING = YES;
				CLANG_WARN_BOOL_CONVERSION = YES;
				CLANG_WARN_COMMA = YES;
				CLANG_WARN_CONSTANT_CONVERSION = YES;
				CLANG_WARN_DIRECT_OBJC_ISA_USAGE = YES_ERROR;
				CLANG_WARN_DOCUMENTATION_COMMENTS = YES;
				CLANG_WARN_EMPTY_BODY = YES;
				CLANG_WARN_ENUM_CONVERSION = YES;
				CLANG_WARN_INFINITE_RECURSION = YES;
				CLANG_WARN_INT_CONVERSION = YES;
				CLANG_WARN_NON_LITERAL_NULL_CONVERSION = YES;
				CLANG_WARN_OBJC_LITERAL_CONVERSION = YES;
				CLANG_WARN_OBJC_ROOT_CLASS = YES_ERROR;
				CLANG_WARN_RANGE_LOOP_ANALYSIS = YES;
				CLANG_WARN_STRICT_PROTOTYPES = YES;
				CLANG_WARN_SUSPICIOUS_MOVE = YES;
				CLANG_WARN_UNGUARDED_AVAILABILITY = YES_AGGRESSIVE;
				CLANG_WARN_UNREACHABLE_CODE = YES;
				CLANG_WARN__DUPLICATE_METHOD_MATCH = YES;
				CODE_SIGN_IDENTITY = "iPhone Developer";
				COPY_PHASE_STRIP = NO;
				DEBUG_INFORMATION_FORMAT = "dwarf-with-dsym";
				ENABLE_NS_ASSERTIONS = NO;
				ENABLE_STRICT_OBJC_MSGSEND = YES;
				GCC_C_LANGUAGE_STANDARD = gnu11;
				GCC_NO_COMMON_BLOCKS = YES;
				GCC_WARN_64_TO_32_BIT_CONVERSION = YES;
				GCC_WARN_ABOUT_RETURN_TYPE = YES_ERROR;
				GCC_WARN_UNDECLARED_SELECTOR = YES;
				GCC_WARN_UNINITIALIZED_AUTOS = YES_AGGRESSIVE;
				GCC_WARN_UNUSED_FUNCTION = YES;
				GCC_WARN_UNUSED_VARIABLE = YES;
				IPHONEOS_DEPLOYMENT_TARGET = 11.2;
				MTL_ENABLE_DEBUG_INFO = NO;
				SDKROOT = iphoneos;
				VALIDATE_PRODUCT = YES;
			};
			name = Release;
		};
		716285B2205F4EAF0037C8BA /* Debug */ = {
			isa = XCBuildConfiguration;
			buildSettings = {
				ASSETCATALOG_COMPILER_APPICON_NAME = AppIcon;
				CODE_SIGN_STYLE = Automatic;
				DEVELOPMENT_TEAM = R4ZY8YN6WB;
				INFOPLIST_FILE = CateroTest/Info.plist;
				LD_RUNPATH_SEARCH_PATHS = "$(inherited) @executable_path/Frameworks";
				PRODUCT_BUNDLE_IDENTIFIER = com..CateroTest;
				PRODUCT_NAME = "$(TARGET_NAME)";
				TARGETED_DEVICE_FAMILY = "1,2";
			};
			name = Debug;
		};
		716285B3205F4EAF0037C8BA /* Release */ = {
			isa = XCBuildConfiguration;
			buildSettings = {
				ASSETCATALOG_COMPILER_APPICON_NAME = AppIcon;
				CODE_SIGN_STYLE = Automatic;
				DEVELOPMENT_TEAM = R4ZY8YN6WB;
				INFOPLIST_FILE = CateroTest/Info.plist;
				LD_RUNPATH_SEARCH_PATHS = "$(inherited) @executable_path/Frameworks";
				PRODUCT_BUNDLE_IDENTIFIER = com..CateroTest;
				PRODUCT_NAME = "$(TARGET_NAME)";
				TARGETED_DEVICE_FAMILY = "1,2";
			};
			name = Release;
		};
		716285B5205F4EAF0037C8BA /* Debug */ = {
			isa = XCBuildConfiguration;
			buildSettings = {
				BUNDLE_LOADER = "$(TEST_HOST)";
				CODE_SIGN_STYLE = Automatic;
				DEVELOPMENT_TEAM = R4ZY8YN6WB;
				INFOPLIST_FILE = CateroTestTests/Info.plist;
				LD_RUNPATH_SEARCH_PATHS = "$(inherited) @executable_path/Frameworks @loader_path/Frameworks";
				PRODUCT_BUNDLE_IDENTIFIER = com..CateroTestTests;
				PRODUCT_NAME = "$(TARGET_NAME)";
				TARGETED_DEVICE_FAMILY = "1,2";
				TEST_HOST = "$(BUILT_PRODUCTS_DIR)/CateroTest.app/CateroTest";
			};
			name = Debug;
		};
		716285B6205F4EAF0037C8BA /* Release */ = {
			isa = XCBuildConfiguration;
			buildSettings = {
				BUNDLE_LOADER = "$(TEST_HOST)";
				CODE_SIGN_STYLE = Automatic;
				DEVELOPMENT_TEAM = R4ZY8YN6WB;
				INFOPLIST_FILE = CateroTestTests/Info.plist;
				LD_RUNPATH_SEARCH_PATHS = "$(inherited) @executable_path/Frameworks @loader_path/Frameworks";
				PRODUCT_BUNDLE_IDENTIFIER = com..CateroTestTests;
				PRODUCT_NAME = "$(TARGET_NAME)";
				TARGETED_DEVICE_FAMILY = "1,2";
				TEST_HOST = "$(BUILT_PRODUCTS_DIR)/CateroTest.app/CateroTest";
			};
			name = Release;
		};
		716285B8205F4EAF0037C8BA /* Debug */ = {
			isa = XCBuildConfiguration;
			buildSettings = {
				CODE_SIGN_STYLE = Automatic;
				DEVELOPMENT_TEAM = R4ZY8YN6WB;
				INFOPLIST_FILE = CateroTestUITests/Info.plist;
				LD_RUNPATH_SEARCH_PATHS = "$(inherited) @executable_path/Frameworks @loader_path/Frameworks";
				PRODUCT_BUNDLE_IDENTIFIER = com..CateroTestUITests;
				PRODUCT_NAME = "$(TARGET_NAME)";
				TARGETED_DEVICE_FAMILY = "1,2";
				TEST_TARGET_NAME = CateroTest;
			};
			name = Debug;
		};
		716285B9205F4EAF0037C8BA /* Release */ = {
			isa = XCBuildConfiguration;
			buildSettings = {
				CODE_SIGN_STYLE = Automatic;
				DEVELOPMENT_TEAM = R4ZY8YN6WB;
				INFOPLIST_FILE = CateroTestUITests/Info.plist;
				LD_RUNPATH_SEARCH_PATHS = "$(inherited) @executable_path/Frameworks @loader_path/Frameworks";
				PRODUCT_BUNDLE_IDENTIFIER = com..CateroTestUITests;
				PRODUCT_NAME = "$(TARGET_NAME)";
				TARGETED_DEVICE_FAMILY = "1,2";
				TEST_TARGET_NAME = CateroTest;
			};
			name = Release;
		};
/* End XCBuildConfiguration section */

/* Begin XCConfigurationList section */
		71628580205F4EAF0037C8BA /* Build configuration list for PBXProject "CateroTest" */ = {
			isa = XCConfigurationList;
			buildConfigurations = (
				716285AF205F4EAF0037C8BA /* Debug */,
				716285B0205F4EAF0037C8BA /* Release */,
			);
			defaultConfigurationIsVisible = 0;
			defaultConfigurationName = Release;
		};
		716285B1205F4EAF0037C8BA /* Build configuration list for PBXNativeTarget "CateroTest" */ = {
			isa = XCConfigurationList;
			buildConfigurations = (
				716285B2205F4EAF0037C8BA /* Debug */,
				716285B3205F4EAF0037C8BA /* Release */,
			);
			defaultConfigurationIsVisible = 0;
			defaultConfigurationName = Release;
		};
		716285B4205F4EAF0037C8BA /* Build configuration list for PBXNativeTarget "CateroTestTests" */ = {
			isa = XCConfigurationList;
			buildConfigurations = (
				716285B5205F4EAF0037C8BA /* Debug */,
				716285B6205F4EAF0037C8BA /* Release */,
			);
			defaultConfigurationIsVisible = 0;
			defaultConfigurationName = Release;
		};
		716285B7205F4EAF0037C8BA /* Build configuration list for PBXNativeTarget "CateroTestUITests" */ = {
			isa = XCConfigurationList;
			buildConfigurations = (
				716285B8205F4EAF0037C8BA /* Debug */,
				716285B9205F4EAF0037C8BA /* Release */,
			);
			defaultConfigurationIsVisible = 0;
			defaultConfigurationName = Release;
		};
/* End XCConfigurationList section */
	};
	rootObject = 7162857D205F4EAF0037C8BA /* Project object */;
}
